
Microsoft Visual Studio Solution File, Format Version 12.00
# Visual Studio Version 16
VisualStudioVersion = 16.0.30114.105
MinimumVisualStudioVersion = 10.0.40219.1
Project("{FAE04EC0-301F-11D3-BF4B-00C04F79EFBC}") = "SeawispHunter.KeySequences", "SeawispHunter.KeySequences\SeawispHunter.KeySequences.csproj", "{D7BD281A-E385-44E8-99DA-C26C6230B31D}"
EndProject
Project("{FAE04EC0-301F-11D3-BF4B-00C04F79EFBC}") = "SeawispHunter.KeySequences.Tests", "SeawispHunter.KeySequences.Tests\SeawispHunter.KeySequences.Tests.csproj", "{C7265E5C-00F2-4AD3-9501-6EF4C99D4450}"
EndProject
Global
	GlobalSection(SolutionConfigurationPlatforms) = preSolution
		Debug|Any CPU = Debug|Any CPU
		Release|Any CPU = Release|Any CPU
	EndGlobalSection
	GlobalSection(SolutionProperties) = preSolution
		HideSolutionNode = FALSE
	EndGlobalSection
	GlobalSection(ProjectConfigurationPlatforms) = postSolution
		{D7BD281A-E385-44E8-99DA-C26C6230B31D}.Debug|Any CPU.ActiveCfg = Debug|Any CPU
		{D7BD281A-E385-44E8-99DA-C26C6230B31D}.Debug|Any CPU.Build.0 = Debug|Any CPU
		{D7BD281A-E385-44E8-99DA-C26C6230B31D}.Release|Any CPU.ActiveCfg = Release|Any CPU
		{D7BD281A-E385-44E8-99DA-C26C6230B31D}.Release|Any CPU.Build.0 = Release|Any CPU
		{C7265E5C-00F2-4AD3-9501-6EF4C99D4450}.Debug|Any CPU.ActiveCfg = Debug|Any CPU
		{C7265E5C-00F2-4AD3-9501-6EF4C99D4450}.Debug|Any CPU.Build.0 = Debug|Any CPU
		{C7265E5C-00F2-4AD3-9501-6EF4C99D4450}.Release|Any CPU.ActiveCfg = Release|Any CPU
		{C7265E5C-00F2-4AD3-9501-6EF4C99D4450}.Release|Any CPU.Build.0 = Release|Any CPU
	EndGlobalSection
EndGlobal
